
Microsoft Visual Studio Solution File, Format Version 12.00
# Visual Studio 15
VisualStudioVersion = 15.0.26730.15
MinimumVisualStudioVersion = 10.0.40219.1
Project("{FAE04EC0-301F-11D3-BF4B-00C04F79EFBC}") = "ImdbScraper", "ImdbScraper\ImdbScraper.csproj", "{9F4F3A67-CC0D-4558-B4F0-A2559B1BECF3}"
EndProject
Project("{FAE04EC0-301F-11D3-BF4B-00C04F79EFBC}") = "ImdbScraper.Test", "ImdbScraper.Test\ImdbScraper.Test.csproj", "{EB2572AF-5E90-458B-BF3D-770FF2BFB225}"
EndProject
Global
	GlobalSection(SolutionConfigurationPlatforms) = preSolution
		Debug|Any CPU = Debug|Any CPU
		Release|Any CPU = Release|Any CPU
	EndGlobalSection
	GlobalSection(ProjectConfigurationPlatforms) = postSolution
		{9F4F3A67-CC0D-4558-B4F0-A2559B1BECF3}.Debug|Any CPU.ActiveCfg = Debug|Any CPU
		{9F4F3A67-CC0D-4558-B4F0-A2559B1BECF3}.Debug|Any CPU.Build.0 = Debug|Any CPU
		{9F4F3A67-CC0D-4558-B4F0-A2559B1BECF3}.Release|Any CPU.ActiveCfg = Release|Any CPU
		{9F4F3A67-CC0D-4558-B4F0-A2559B1BECF3}.Release|Any CPU.Build.0 = Release|Any CPU
		{EB2572AF-5E90-458B-BF3D-770FF2BFB225}.Debug|Any CPU.ActiveCfg = Debug|Any CPU
		{EB2572AF-5E90-458B-BF3D-770FF2BFB225}.Debug|Any CPU.Build.0 = Debug|Any CPU
		{EB2572AF-5E90-458B-BF3D-770FF2BFB225}.Release|Any CPU.ActiveCfg = Release|Any CPU
		{EB2572AF-5E90-458B-BF3D-770FF2BFB225}.Release|Any CPU.Build.0 = Release|Any CPU
	EndGlobalSection
	GlobalSection(SolutionProperties) = preSolution
		HideSolutionNode = FALSE
	EndGlobalSection
	GlobalSection(ExtensibilityGlobals) = postSolution
		SolutionGuid = {8E4E0983-D977-4E26-8111-C2ABEE8DE1A2}
	EndGlobalSection
EndGlobal
